{
  "name": "@serverful/views",
  "version": "0.0.1",
  "lockfileVersion": 2,
  "requires": true,
  "packages": {
    "": {
      "name": "@serverful/views",
      "version": "0.0.1",
      "license": "Apache-2.0",
      "devDependencies": {
        "docgen": "github:QSmally/Docgen"
      }
    },
    "node_modules/docgen": {
      "version": "1.10.0",
      "resolved": "git+ssh://git@github.com/QSmally/Docgen.git#c37203c4fde88c278e08c909601c6d85da461a47",
      "dev": true,
      "license": "Apache-2.0",
      "bin": {
        "gendocs": "lib/Main.js"
      }
    }
  },
  "dependencies": {
    "docgen": {
      "version": "git+ssh://git@github.com/QSmally/Docgen.git#c37203c4fde88c278e08c909601c6d85da461a47",
      "dev": true,
      "from": "docgen@github:QSmally/Docgen"
    }
  }
}
